hash: 274b2fee5b13617ed8298238bd0bc0876d4b1d648e398e35379d4eaa9a1371e8
updated: 2017-12-09T05:46:38.838070417+09:00
imports:
- name: github.com/inconshreveable/mousetrap
  version: 76626ae9c91c4f2a10f34cad8ce83ea42c93bb75
- name: github.com/spf13/cobra
  version: ccaecb155a2177302cb56cae929251a256d0f646
- name: github.com/spf13/pflag
  version: 4c012f6dcd9546820e378d0bdda4d8fc772cdfea
testImports: []
