hash: 274b2fee5b13617ed8298238bd0bc0876d4b1d648e398e35379d4eaa9a1371e8
updated: 2017-11-12T16:36:46.862915296+09:00
imports:
- name: github.com/inconshreveable/mousetrap
  version: 76626ae9c91c4f2a10f34cad8ce83ea42c93bb75
- name: github.com/spf13/cobra
  version: 7be4beda01ec05d0b93d80b3facd2b6f44080d94
- name: github.com/spf13/pflag
  version: 7aff26db30c1be810f9de5038ec5ef96ac41fd7c
testImports: []
